// !$*UTF8*$!
{
	archiveVersion = 1;
	classes = {
	};
	objectVersion = 50;
	objects = {

/* Begin PBXBuildFile section */
		6C7EDA1424CF0BF700D89230 /* AppDelegate.m in Sources */ = {isa = PBXBuildFile; fileRef = 6C7EDA1324CF0BF700D89230 /* AppDelegate.m */; };
		6C7EDA1724CF0BF700D89230 /* SceneDelegate.m in Sources */ = {isa = PBXBuildFile; fileRef = 6C7EDA1624CF0BF700D89230 /* SceneDelegate.m */; };
		6C7EDA1A24CF0BF700D89230 /* ViewController.m in Sources */ = {isa = PBXBuildFile; fileRef = 6C7EDA1924CF0BF700D89230 /* ViewController.m */; };
		6C7EDA1D24CF0BF700D89230 /* Main.storyboard in Resources */ = {isa = PBXBuildFile; fileRef = 6C7EDA1B24CF0BF700D89230 /* Main.storyboard */; };
		6C7EDA1F24CF0BFB00D89230 /* Assets.xcassets in Resources */ = {isa = PBXBuildFile; fileRef = 6C7EDA1E24CF0BFB00D89230 /* Assets.xcassets */; };
		6C7EDA2224CF0BFB00D89230 /* LaunchScreen.storyboard in Resources */ = {isa = PBXBuildFile; fileRef = 6C7EDA2024CF0BFB00D89230 /* LaunchScreen.storyboard */; };
		6C7EDA2524CF0BFB00D89230 /* main.m in Sources */ = {isa = PBXBuildFile; fileRef = 6C7EDA2424CF0BFB00D89230 /* main.m */; };
		6C7EDA2D24CF0C4800D89230 /* shaderv.vsh in Resources */ = {isa = PBXBuildFile; fileRef = 6C7EDA2C24CF0C4800D89230 /* shaderv.vsh */; };
		6C7EDA2F24CF0C5B00D89230 /* shaderf.fsh in Resources */ = {isa = PBXBuildFile; fileRef = 6C7EDA2E24CF0C5B00D89230 /* shaderf.fsh */; };
		6C7EDA3124CF104D00D89230 /* mew_progressive.jpg in Resources */ = {isa = PBXBuildFile; fileRef = 6C7EDA3024CF104D00D89230 /* mew_progressive.jpg */; };
		6C7EDA3424D1A14200D89230 /* CustomView.m in Sources */ = {isa = PBXBuildFile; fileRef = 6C7EDA3324D1A14200D89230 /* CustomView.m */; };
		6C7EDA3624D1B98A00D89230 /* SDWebImage_logo_small.png in Resources */ = {isa = PBXBuildFile; fileRef = 6C7EDA3524D1B98A00D89230 /* SDWebImage_logo_small.png */; };
/* End PBXBuildFile section */

/* Begin PBXFileReference section */
		6C7EDA0F24CF0BF700D89230 /* GLSL_Hello_World.app */ = {isa = PBXFileReference; explicitFileType = wrapper.application; includeInIndex = 0; path = GLSL_Hello_World.app; sourceTree = BUILT_PRODUCTS_DIR; };
		6C7EDA1224CF0BF700D89230 /* AppDelegate.h */ = {isa = PBXFileReference; lastKnownFileType = sourcecode.c.h; path = AppDelegate.h; sourceTree = "<group>"; };
		6C7EDA1324CF0BF700D89230 /* AppDelegate.m */ = {isa = PBXFileReference; lastKnownFileType = sourcecode.c.objc; path = AppDelegate.m; sourceTree = "<group>"; };
		6C7EDA1524CF0BF700D89230 /* SceneDelegate.h */ = {isa = PBXFileReference; lastKnownFileType = sourcecode.c.h; path = SceneDelegate.h; sourceTree = "<group>"; };
		6C7EDA1624CF0BF700D89230 /* SceneDelegate.m */ = {isa = PBXFileReference; lastKnownFileType = sourcecode.c.objc; path = SceneDelegate.m; sourceTree = "<group>"; };
		6C7EDA1824CF0BF700D89230 /* ViewController.h */ = {isa = PBXFileReference; lastKnownFileType = sourcecode.c.h; path = ViewController.h; sourceTree = "<group>"; };
		6C7EDA1924CF0BF700D89230 /* ViewController.m */ = {isa = PBXFileReference; lastKnownFileType = sourcecode.c.objc; path = ViewController.m; sourceTree = "<group>"; };
		6C7EDA1C24CF0BF700D89230 /* Base */ = {isa = PBXFileReference; lastKnownFileType = file.storyboard; name = Base; path = Base.lproj/Main.storyboard; sourceTree = "<group>"; };
		6C7EDA1E24CF0BFB00D89230 /* Assets.xcassets */ = {isa = PBXFileReference; lastKnownFileType = folder.assetcatalog; path = Assets.xcassets; sourceTree = "<group>"; };
		6C7EDA2124CF0BFB00D89230 /* Base */ = {isa = PBXFileReference; lastKnownFileType = file.storyboard; name = Base; path = Base.lproj/LaunchScreen.storyboard; sourceTree = "<group>"; };
		6C7EDA2324CF0BFB00D89230 /* Info.plist */ = {isa = PBXFileReference; lastKnownFileType = text.plist.xml; path = Info.plist; sourceTree = "<group>"; };
		6C7EDA2424CF0BFB00D89230 /* main.m */ = {isa = PBXFileReference; lastKnownFileType = sourcecode.c.objc; path = main.m; sourceTree = "<group>"; };
		6C7EDA2C24CF0C4800D89230 /* shaderv.vsh */ = {isa = PBXFileReference; lastKnownFileType = sourcecode.glsl; path = shaderv.vsh; sourceTree = "<group>"; };
		6C7EDA2E24CF0C5B00D89230 /* shaderf.fsh */ = {isa = PBXFileReference; lastKnownFileType = sourcecode.glsl; path = shaderf.fsh; sourceTree = "<group>"; };
		6C7EDA3024CF104D00D89230 /* mew_progressive.jpg */ = {isa = PBXFileReference; lastKnownFileType = image.jpeg; path = mew_progressive.jpg; sourceTree = "<group>"; };
		6C7EDA3224D1A14200D89230 /* CustomView.h */ = {isa = PBXFileReference; lastKnownFileType = sourcecode.c.h; path = CustomView.h; sourceTree = "<group>"; };
		6C7EDA3324D1A14200D89230 /* CustomView.m */ = {isa = PBXFileReference; lastKnownFileType = sourcecode.c.objc; path = CustomView.m; sourceTree = "<group>"; };
		6C7EDA3524D1B98A00D89230 /* SDWebImage_logo_small.png */ = {isa = PBXFileReference; lastKnownFileType = image.png; path = SDWebImage_logo_small.png; sourceTree = "<group>"; };
/* End PBXFileReference section */

/* Begin PBXFrameworksBuildPhase section */
		6C7EDA0C24CF0BF700D89230 /* Frameworks */ = {
			isa = PBXFrameworksBuildPhase;
			buildActionMask = 2147483647;
			files = (
			);
			runOnlyForDeploymentPostprocessing = 0;
		};
/* End PBXFrameworksBuildPhase section */

/* Begin PBXGroup section */
		6C7EDA0624CF0BF700D89230 = {
			isa = PBXGroup;
			children = (
				6C7EDA1124CF0BF700D89230 /* GLSL_Hello_World */,
				6C7EDA1024CF0BF700D89230 /* Products */,
			);
			sourceTree = "<group>";
		};
		6C7EDA1024CF0BF700D89230 /* Products */ = {
			isa = PBXGroup;
			children = (
				6C7EDA0F24CF0BF700D89230 /* GLSL_Hello_World.app */,
			);
			name = Products;
			sourceTree = "<group>";
		};
		6C7EDA1124CF0BF700D89230 /* GLSL_Hello_World */ = {
			isa = PBXGroup;
			children = (
				6C7EDA1224CF0BF700D89230 /* AppDelegate.h */,
				6C7EDA1324CF0BF700D89230 /* AppDelegate.m */,
				6C7EDA1524CF0BF700D89230 /* SceneDelegate.h */,
				6C7EDA1624CF0BF700D89230 /* SceneDelegate.m */,
				6C7EDA1824CF0BF700D89230 /* ViewController.h */,
				6C7EDA1924CF0BF700D89230 /* ViewController.m */,
				6C7EDA3224D1A14200D89230 /* CustomView.h */,
				6C7EDA3324D1A14200D89230 /* CustomView.m */,
				6C7EDA3524D1B98A00D89230 /* SDWebImage_logo_small.png */,
				6C7EDA3024CF104D00D89230 /* mew_progressive.jpg */,
				6C7EDA2C24CF0C4800D89230 /* shaderv.vsh */,
				6C7EDA2E24CF0C5B00D89230 /* shaderf.fsh */,
				6C7EDA1B24CF0BF700D89230 /* Main.storyboard */,
				6C7EDA1E24CF0BFB00D89230 /* Assets.xcassets */,
				6C7EDA2024CF0BFB00D89230 /* LaunchScreen.storyboard */,
				6C7EDA2324CF0BFB00D89230 /* Info.plist */,
				6C7EDA2424CF0BFB00D89230 /* main.m */,
			);
			path = GLSL_Hello_World;
			sourceTree = "<group>";
		};
/* End PBXGroup section */

/* Begin PBXNativeTarget section */
		6C7EDA0E24CF0BF700D89230 /* GLSL_Hello_World */ = {
			isa = PBXNativeTarget;
			buildConfigurationList = 6C7EDA2824CF0BFB00D89230 /* Build configuration list for PBXNativeTarget "GLSL_Hello_World" */;
			buildPhases = (
				6C7EDA0B24CF0BF700D89230 /* Sources */,
				6C7EDA0C24CF0BF700D89230 /* Frameworks */,
				6C7EDA0D24CF0BF700D89230 /* Resources */,
			);
			buildRules = (
			);
			dependencies = (
			);
			name = GLSL_Hello_World;
			productName = GLSL_Hello_World;
			productReference = 6C7EDA0F24CF0BF700D89230 /* GLSL_Hello_World.app */;
			productType = "com.apple.product-type.application";
		};
/* End PBXNativeTarget section */

/* Begin PBXProject section */
		6C7EDA0724CF0BF700D89230 /* Project object */ = {
			isa = PBXProject;
			attributes = {
				LastUpgradeCheck = 1150;
				ORGANIZATIONNAME = ls;
				TargetAttributes = {
					6C7EDA0E24CF0BF700D89230 = {
						CreatedOnToolsVersion = 11.5;
					};
				};
			};
			buildConfigurationList = 6C7EDA0A24CF0BF700D89230 /* Build configuration list for PBXProject "GLSL_Hello_World" */;
			compatibilityVersion = "Xcode 9.3";
			developmentRegion = en;
			hasScannedForEncodings = 0;
			knownRegions = (
				en,
				Base,
			);
			mainGroup = 6C7EDA0624CF0BF700D89230;
			productRefGroup = 6C7EDA1024CF0BF700D89230 /* Products */;
			projectDirPath = "";
			projectRoot = "";
			targets = (
				6C7EDA0E24CF0BF700D89230 /* GLSL_Hello_World */,
			);
		};
/* End PBXProject section */

/* Begin PBXResourcesBuildPhase section */
		6C7EDA0D24CF0BF700D89230 /* Resources */ = {
			isa = PBXResourcesBuildPhase;
			buildActionMask = 2147483647;
			files = (
				6C7EDA2224CF0BFB00D89230 /* LaunchScreen.storyboard in Resources */,
				6C7EDA3124CF104D00D89230 /* mew_progressive.jpg in Resources */,
				6C7EDA1F24CF0BFB00D89230 /* Assets.xcassets in Resources */,
				6C7EDA1D24CF0BF700D89230 /* Main.storyboard in Resources */,
				6C7EDA3624D1B98A00D89230 /* SDWebImage_logo_small.png in Resources */,
				6C7EDA2D24CF0C4800D89230 /* shaderv.vsh in Resources */,
				6C7EDA2F24CF0C5B00D89230 /* shaderf.fsh in Resources */,
			);
			runOnlyForDeploymentPostprocessing = 0;
		};
/* End PBXResourcesBuildPhase section */

/* Begin PBXSourcesBuildPhase section */
		6C7EDA0B24CF0BF700D89230 /* Sources */ = {
			isa = PBXSourcesBuildPhase;
			buildActionMask = 2147483647;
			files = (
				6C7EDA3424D1A14200D89230 /* CustomView.m in Sources */,
				6C7EDA1A24CF0BF700D89230 /* ViewController.m in Sources */,
				6C7EDA1424CF0BF700D89230 /* AppDelegate.m in Sources */,
				6C7EDA2524CF0BFB00D89230 /* main.m in Sources */,
				6C7EDA1724CF0BF700D89230 /* SceneDelegate.m in Sources */,
			);
			runOnlyForDeploymentPostprocessing = 0;
		};
/* End PBXSourcesBuildPhase section */

/* Begin PBXVariantGroup section */
		6C7EDA1B24CF0BF700D89230 /* Main.storyboard */ = {
			isa = PBXVariantGroup;
			children = (
				6C7EDA1C24CF0BF700D89230 /* Base */,
			);
			name = Main.storyboard;
			sourceTree = "<group>";
		};
		6C7EDA2024CF0BFB00D89230 /* LaunchScreen.storyboard */ = {
			isa = PBXVariantGroup;
			children = (
				6C7EDA2124CF0BFB00D89230 /* Base */,
			);
			name = LaunchScreen.storyboard;
			sourceTree = "<group>";
		};
/* End PBXVariantGroup section */

/* Begin XCBuildConfiguration section */
		6C7EDA2624CF0BFB00D89230 /* Debug */ = {
			isa = XCBuildConfiguration;
			buildSettings = {
				ALWAYS_SEARCH_USER_PATHS = NO;
				CLANG_ANALYZER_NONNULL = YES;
				CLANG_ANALYZER_NUMBER_OBJECT_CONVERSION = YES_AGGRESSIVE;
				CLANG_CXX_LANGUAGE_STANDARD = "gnu++14";
				CLANG_CXX_LIBRARY = "libc++";
				CLANG_ENABLE_MODULES = YES;
				CLANG_ENABLE_OBJC_ARC = YES;
				CLANG_ENABLE_OBJC_WEAK = YES;
				CLANG_WARN_BLOCK_CAPTURE_AUTORELEASING = YES;
				CLANG_WARN_BOOL_CONVERSION = YES;
				CLANG_WARN_COMMA = YES;
				CLANG_WARN_CONSTANT_CONVERSION = YES;
				CLANG_WARN_DEPRECATED_OBJC_IMPLEMENTATIONS = YES;
				CLANG_WARN_DIRECT_OBJC_ISA_USAGE = YES_ERROR;
				CLANG_WARN_DOCUMENTATION_COMMENTS = YES;
				CLANG_WARN_EMPTY_BODY = YES;
				CLANG_WARN_ENUM_CONVERSION = YES;
				CLANG_WARN_INFINITE_RECURSION = YES;
				CLANG_WARN_INT_CONVERSION = YES;
				CLANG_WARN_NON_LITERAL_NULL_CONVERSION = YES;
				CLANG_WARN_OBJC_IMPLICIT_RETAIN_SELF = YES;
				CLANG_WARN_OBJC_LITERAL_CONVERSION = YES;
				CLANG_WARN_OBJC_ROOT_CLASS = YES_ERROR;
				CLANG_WARN_RANGE_LOOP_ANALYSIS = YES;
				CLANG_WARN_STRICT_PROTOTYPES = YES;
				CLANG_WARN_SUSPICIOUS_MOVE = YES;
				CLANG_WARN_UNGUARDED_AVAILABILITY = YES_AGGRESSIVE;
				CLANG_WARN_UNREACHABLE_CODE = YES;
				CLANG_WARN__DUPLICATE_METHOD_MATCH = YES;
				COPY_PHASE_STRIP = NO;
				DEBUG_INFORMATION_FORMAT = dwarf;
				ENABLE_STRICT_OBJC_MSGSEND = YES;
				ENABLE_TESTABILITY = YES;
				GCC_C_LANGUAGE_STANDARD = gnu11;
				GCC_DYNAMIC_NO_PIC = NO;
				GCC_NO_COMMON_BLOCKS = YES;
				GCC_OPTIMIZATION_LEVEL = 0;
				GCC_PREPROCESSOR_DEFINITIONS = (
					"DEBUG=1",
					"$(inherited)",
				);
				GCC_WARN_64_TO_32_BIT_CONVERSION = YES;
				GCC_WARN_ABOUT_RETURN_TYPE = YES_ERROR;
				GCC_WARN_UNDECLARED_SELECTOR = YES;
				GCC_WARN_UNINITIALIZED_AUTOS = YES_AGGRESSIVE;
				GCC_WARN_UNUSED_FUNCTION = YES;
				GCC_WARN_UNUSED_VARIABLE = YES;
				IPHONEOS_DEPLOYMENT_TARGET = 13.5;
				MTL_ENABLE_DEBUG_INFO = INCLUDE_SOURCE;
				MTL_FAST_MATH = YES;
				ONLY_ACTIVE_ARCH = YES;
				SDKROOT = iphoneos;
			};
			name = Debug;
		};
		6C7EDA2724CF0BFB00D89230 /* Release */ = {
			isa = XCBuildConfiguration;
			buildSettings = {
				ALWAYS_SEARCH_USER_PATHS = NO;
				CLANG_ANALYZER_NONNULL = YES;
				CLANG_ANALYZER_NUMBER_OBJECT_CONVERSION = YES_AGGRESSIVE;
				CLANG_CXX_LANGUAGE_STANDARD = "gnu++14";
				CLANG_CXX_LIBRARY = "libc++";
				CLANG_ENABLE_MODULES = YES;
				CLANG_ENABLE_OBJC_ARC = YES;
				CLANG_ENABLE_OBJC_WEAK = YES;
				CLANG_WARN_BLOCK_CAPTURE_AUTORELEASING = YES;
				CLANG_WARN_BOOL_CONVERSION = YES;
				CLANG_WARN_COMMA = YES;
				CLANG_WARN_CONSTANT_CONVERSION = YES;
				CLANG_WARN_DEPRECATED_OBJC_IMPLEMENTATIONS = YES;
				CLANG_WARN_DIRECT_OBJC_ISA_USAGE = YES_ERROR;
				CLANG_WARN_DOCUMENTATION_COMMENTS = YES;
				CLANG_WARN_EMPTY_BODY = YES;
				CLANG_WARN_ENUM_CONVERSION = YES;
				CLANG_WARN_INFINITE_RECURSION = YES;
				CLANG_WARN_INT_CONVERSION = YES;
				CLANG_WARN_NON_LITERAL_NULL_CONVERSION = YES;
				CLANG_WARN_OBJC_IMPLICIT_RETAIN_SELF = YES;
				CLANG_WARN_OBJC_LITERAL_CONVERSION = YES;
				CLANG_WARN_OBJC_ROOT_CLASS = YES_ERROR;
				CLANG_WARN_RANGE_LOOP_ANALYSIS = YES;
				CLANG_WARN_STRICT_PROTOTYPES = YES;
				CLANG_WARN_SUSPICIOUS_MOVE = YES;
				CLANG_WARN_UNGUARDED_AVAILABILITY = YES_AGGRESSIVE;
				CLANG_WARN_UNREACHABLE_CODE = YES;
				CLANG_WARN__DUPLICATE_METHOD_MATCH = YES;
				COPY_PHASE_STRIP = NO;
				DEBUG_INFORMATION_FORMAT = "dwarf-with-dsym";
				ENABLE_NS_ASSERTIONS = NO;
				ENABLE_STRICT_OBJC_MSGSEND = YES;
				GCC_C_LANGUAGE_STANDARD = gnu11;
				GCC_NO_COMMON_BLOCKS = YES;
				GCC_WARN_64_TO_32_BIT_CONVERSION = YES;
				GCC_WARN_ABOUT_RETURN_TYPE = YES_ERROR;
				GCC_WARN_UNDECLARED_SELECTOR = YES;
				GCC_WARN_UNINITIALIZED_AUTOS = YES_AGGRESSIVE;
				GCC_WARN_UNUSED_FUNCTION = YES;
				GCC_WARN_UNUSED_VARIABLE = YES;
				IPHONEOS_DEPLOYMENT_TARGET = 13.5;
				MTL_ENABLE_DEBUG_INFO = NO;
				MTL_FAST_MATH = YES;
				SDKROOT = iphoneos;
				VALIDATE_PRODUCT = YES;
			};
			name = Release;
		};
		6C7EDA2924CF0BFB00D89230 /* Debug */ = {
			isa = XCBuildConfiguration;
			buildSettings = {
				ASSETCATALOG_COMPILER_APPICON_NAME = AppIcon;
				CODE_SIGN_STYLE = Automatic;
				GCC_WARN_ABOUT_DEPRECATED_FUNCTIONS = NO;
				INFOPLIST_FILE = GLSL_Hello_World/Info.plist;
				LD_RUNPATH_SEARCH_PATHS = (
					"$(inherited)",
					"@executable_path/Frameworks",
				);
				PRODUCT_BUNDLE_IDENTIFIER = "com.ls.GLSL-Hello-World";
				PRODUCT_NAME = "$(TARGET_NAME)";
				TARGETED_DEVICE_FAMILY = "1,2";
			};
			name = Debug;
		};
		6C7EDA2A24CF0BFB00D89230 /* Release */ = {
			isa = XCBuildConfiguration;
			buildSettings = {
				ASSETCATALOG_COMPILER_APPICON_NAME = AppIcon;
				CODE_SIGN_STYLE = Automatic;
				GCC_WARN_ABOUT_DEPRECATED_FUNCTIONS = NO;
				INFOPLIST_FILE = GLSL_Hello_World/Info.plist;
				LD_RUNPATH_SEARCH_PATHS = (
					"$(inherited)",
					"@executable_path/Frameworks",
				);
				PRODUCT_BUNDLE_IDENTIFIER = "com.ls.GLSL-Hello-World";
				PRODUCT_NAME = "$(TARGET_NAME)";
				TARGETED_DEVICE_FAMILY = "1,2";
			};
			name = Release;
		};
/* End XCBuildConfiguration section */

/* Begin XCConfigurationList section */
		6C7EDA0A24CF0BF700D89230 /* Build configuration list for PBXProject "GLSL_Hello_World" */ = {
			isa = XCConfigurationList;
			buildConfigurations = (
				6C7EDA2624CF0BFB00D89230 /* Debug */,
				6C7EDA2724CF0BFB00D89230 /* Release */,
			);
			defaultConfigurationIsVisible = 0;
			defaultConfigurationName = Release;
		};
		6C7EDA2824CF0BFB00D89230 /* Build configuration list for PBXNativeTarget "GLSL_Hello_World" */ = {
			isa = XCConfigurationList;
			buildConfigurations = (
				6C7EDA2924CF0BFB00D89230 /* Debug */,
				6C7EDA2A24CF0BFB00D89230 /* Release */,
			);
			defaultConfigurationIsVisible = 0;
			defaultConfigurationName = Release;
		};
/* End XCConfigurationList section */
	};
	rootObject = 6C7EDA0724CF0BF700D89230 /* Project object */;
}
